// !$*UTF8*$!
{
	archiveVersion = 1;
	classes = {
	};
	objectVersion = 50;
	objects = {

/* Begin PBXBuildFile section */
		9B7710F734BDD9E7E148A2FC /* Pods_PhotoUpload.framework in Frameworks */ = {isa = PBXBuildFile; fileRef = 3895DD367FD950E90F70B46B /* Pods_PhotoUpload.framework */; };
		B30E07A4237B956E00F333A4 /* AppDelegate.swift in Sources */ = {isa = PBXBuildFile; fileRef = B30E07A3237B956E00F333A4 /* AppDelegate.swift */; };
		B30E07A6237B956E00F333A4 /* SceneDelegate.swift in Sources */ = {isa = PBXBuildFile; fileRef = B30E07A5237B956E00F333A4 /* SceneDelegate.swift */; };
		B30E07A8237B956E00F333A4 /* ViewController.swift in Sources */ = {isa = PBXBuildFile; fileRef = B30E07A7237B956E00F333A4 /* ViewController.swift */; };
		B30E07AB237B956E00F333A4 /* Main.storyboard in Resources */ = {isa = PBXBuildFile; fileRef = B30E07A9237B956E00F333A4 /* Main.storyboard */; };
		B30E07AD237B957100F333A4 /* Assets.xcassets in Resources */ = {isa = PBXBuildFile; fileRef = B30E07AC237B957100F333A4 /* Assets.xcassets */; };
		B30E07B0237B957100F333A4 /* LaunchScreen.storyboard in Resources */ = {isa = PBXBuildFile; fileRef = B30E07AE237B957100F333A4 /* LaunchScreen.storyboard */; };
/* End PBXBuildFile section */

/* Begin PBXFileReference section */
		210DCD0FA6D092641B54FDEE /* Pods-PhotoUpload.release.xcconfig */ = {isa = PBXFileReference; includeInIndex = 1; lastKnownFileType = text.xcconfig; name = "Pods-PhotoUpload.release.xcconfig"; path = "Target Support Files/Pods-PhotoUpload/Pods-PhotoUpload.release.xcconfig"; sourceTree = "<group>"; };
		3895DD367FD950E90F70B46B /* Pods_PhotoUpload.framework */ = {isa = PBXFileReference; explicitFileType = wrapper.framework; includeInIndex = 0; path = Pods_PhotoUpload.framework; sourceTree = BUILT_PRODUCTS_DIR; };
		B30E07A0237B956E00F333A4 /* PhotoUpload.app */ = {isa = PBXFileReference; explicitFileType = wrapper.application; includeInIndex = 0; path = PhotoUpload.app; sourceTree = BUILT_PRODUCTS_DIR; };
		B30E07A3237B956E00F333A4 /* AppDelegate.swift */ = {isa = PBXFileReference; lastKnownFileType = sourcecode.swift; path = AppDelegate.swift; sourceTree = "<group>"; };
		B30E07A5237B956E00F333A4 /* SceneDelegate.swift */ = {isa = PBXFileReference; lastKnownFileType = sourcecode.swift; path = SceneDelegate.swift; sourceTree = "<group>"; };
		B30E07A7237B956E00F333A4 /* ViewController.swift */ = {isa = PBXFileReference; lastKnownFileType = sourcecode.swift; path = ViewController.swift; sourceTree = "<group>"; };
		B30E07AA237B956E00F333A4 /* Base */ = {isa = PBXFileReference; lastKnownFileType = file.storyboard; name = Base; path = Base.lproj/Main.storyboard; sourceTree = "<group>"; };
		B30E07AC237B957100F333A4 /* Assets.xcassets */ = {isa = PBXFileReference; lastKnownFileType = folder.assetcatalog; path = Assets.xcassets; sourceTree = "<group>"; };
		B30E07AF237B957100F333A4 /* Base */ = {isa = PBXFileReference; lastKnownFileType = file.storyboard; name = Base; path = Base.lproj/LaunchScreen.storyboard; sourceTree = "<group>"; };
		B30E07B1237B957100F333A4 /* Info.plist */ = {isa = PBXFileReference; lastKnownFileType = text.plist.xml; path = Info.plist; sourceTree = "<group>"; };
		EB169553500898AFC3747CDF /* Pods-PhotoUpload.debug.xcconfig */ = {isa = PBXFileReference; includeInIndex = 1; lastKnownFileType = text.xcconfig; name = "Pods-PhotoUpload.debug.xcconfig"; path = "Target Support Files/Pods-PhotoUpload/Pods-PhotoUpload.debug.xcconfig"; sourceTree = "<group>"; };
/* End PBXFileReference section */

/* Begin PBXFrameworksBuildPhase section */
		B30E079D237B956E00F333A4 /* Frameworks */ = {
			isa = PBXFrameworksBuildPhase;
			buildActionMask = 2147483647;
			files = (
				9B7710F734BDD9E7E148A2FC /* Pods_PhotoUpload.framework in Frameworks */,
			);
			runOnlyForDeploymentPostprocessing = 0;
		};
/* End PBXFrameworksBuildPhase section */

/* Begin PBXGroup section */
		23A2C0A89E57DAAAEB2C7957 /* Pods */ = {
			isa = PBXGroup;
			children = (
				EB169553500898AFC3747CDF /* Pods-PhotoUpload.debug.xcconfig */,
				210DCD0FA6D092641B54FDEE /* Pods-PhotoUpload.release.xcconfig */,
			);
			name = Pods;
			path = Pods;
			sourceTree = "<group>";
		};
		B30E0797237B956E00F333A4 = {
			isa = PBXGroup;
			children = (
				B30E07A2237B956E00F333A4 /* PhotoUpload */,
				B30E07A1237B956E00F333A4 /* Products */,
				23A2C0A89E57DAAAEB2C7957 /* Pods */,
				FF81874A4432B2AD1FD9DCF6 /* Frameworks */,
			);
			sourceTree = "<group>";
		};
		B30E07A1237B956E00F333A4 /* Products */ = {
			isa = PBXGroup;
			children = (
				B30E07A0237B956E00F333A4 /* PhotoUpload.app */,
			);
			name = Products;
			sourceTree = "<group>";
		};
		B30E07A2237B956E00F333A4 /* PhotoUpload */ = {
			isa = PBXGroup;
			children = (
				B30E07A3237B956E00F333A4 /* AppDelegate.swift */,
				B30E07A5237B956E00F333A4 /* SceneDelegate.swift */,
				B30E07A7237B956E00F333A4 /* ViewController.swift */,
				B30E07A9237B956E00F333A4 /* Main.storyboard */,
				B30E07AC237B957100F333A4 /* Assets.xcassets */,
				B30E07AE237B957100F333A4 /* LaunchScreen.storyboard */,
				B30E07B1237B957100F333A4 /* Info.plist */,
			);
			path = PhotoUpload;
			sourceTree = "<group>";
		};
		FF81874A4432B2AD1FD9DCF6 /* Frameworks */ = {
			isa = PBXGroup;
			children = (
				3895DD367FD950E90F70B46B /* Pods_PhotoUpload.framework */,
			);
			name = Frameworks;
			sourceTree = "<group>";
		};
/* End PBXGroup section */

/* Begin PBXNativeTarget section */
		B30E079F237B956E00F333A4 /* PhotoUpload */ = {
			isa = PBXNativeTarget;
			buildConfigurationList = B30E07B4237B957100F333A4 /* Build configuration list for PBXNativeTarget "PhotoUpload" */;
			buildPhases = (
				45C1BC6E2E4ED8198C4378C4 /* [CP] Check Pods Manifest.lock */,
				B30E079C237B956E00F333A4 /* Sources */,
				B30E079D237B956E00F333A4 /* Frameworks */,
				B30E079E237B956E00F333A4 /* Resources */,
				29FA12D5D6865D4A1C1E044C /* [CP] Embed Pods Frameworks */,
			);
			buildRules = (
			);
			dependencies = (
			);
			name = PhotoUpload;
			productName = PhotoUpload;
			productReference = B30E07A0237B956E00F333A4 /* PhotoUpload.app */;
			productType = "com.apple.product-type.application";
		};
/* End PBXNativeTarget section */

/* Begin PBXProject section */
		B30E0798237B956E00F333A4 /* Project object */ = {
			isa = PBXProject;
			attributes = {
				LastSwiftUpdateCheck = 1120;
				LastUpgradeCheck = 1120;
				ORGANIZATIONNAME = Jasmine;
				TargetAttributes = {
					B30E079F237B956E00F333A4 = {
						CreatedOnToolsVersion = 11.2.1;
					};
				};
			};
			buildConfigurationList = B30E079B237B956E00F333A4 /* Build configuration list for PBXProject "PhotoUpload" */;
			compatibilityVersion = "Xcode 9.3";
			developmentRegion = en;
			hasScannedForEncodings = 0;
			knownRegions = (
				en,
				Base,
			);
			mainGroup = B30E0797237B956E00F333A4;
			productRefGroup = B30E07A1237B956E00F333A4 /* Products */;
			projectDirPath = "";
			projectRoot = "";
			targets = (
				B30E079F237B956E00F333A4 /* PhotoUpload */,
			);
		};
/* End PBXProject section */

/* Begin PBXResourcesBuildPhase section */
		B30E079E237B956E00F333A4 /* Resources */ = {
			isa = PBXResourcesBuildPhase;
			buildActionMask = 2147483647;
			files = (
				B30E07B0237B957100F333A4 /* LaunchScreen.storyboard in Resources */,
				B30E07AD237B957100F333A4 /* Assets.xcassets in Resources */,
				B30E07AB237B956E00F333A4 /* Main.storyboard in Resources */,
			);
			runOnlyForDeploymentPostprocessing = 0;
		};
/* End PBXResourcesBuildPhase section */

/* Begin PBXShellScriptBuildPhase section */
		29FA12D5D6865D4A1C1E044C /* [CP] Embed Pods Frameworks */ = {
			isa = PBXShellScriptBuildPhase;
			buildActionMask = 2147483647;
			files = (
			);
			inputFileListPaths = (
				"${PODS_ROOT}/Target Support Files/Pods-PhotoUpload/Pods-PhotoUpload-frameworks-${CONFIGURATION}-input-files.xcfilelist",
			);
			name = "[CP] Embed Pods Frameworks";
			outputFileListPaths = (
				"${PODS_ROOT}/Target Support Files/Pods-PhotoUpload/Pods-PhotoUpload-frameworks-${CONFIGURATION}-output-files.xcfilelist",
			);
			runOnlyForDeploymentPostprocessing = 0;
			shellPath = /bin/sh;
			shellScript = "\"${PODS_ROOT}/Target Support Files/Pods-PhotoUpload/Pods-PhotoUpload-frameworks.sh\"\n";
			showEnvVarsInLog = 0;
		};
		45C1BC6E2E4ED8198C4378C4 /* [CP] Check Pods Manifest.lock */ = {
			isa = PBXShellScriptBuildPhase;
			buildActionMask = 2147483647;
			files = (
			);
			inputFileListPaths = (
			);
			inputPaths = (
				"${PODS_PODFILE_DIR_PATH}/Podfile.lock",
				"${PODS_ROOT}/Manifest.lock",
			);
			name = "[CP] Check Pods Manifest.lock";
			outputFileListPaths = (
			);
			outputPaths = (
				"$(DERIVED_FILE_DIR)/Pods-PhotoUpload-checkManifestLockResult.txt",
			);
			runOnlyForDeploymentPostprocessing = 0;
			shellPath = /bin/sh;
			shellScript = "diff \"${PODS_PODFILE_DIR_PATH}/Podfile.lock\" \"${PODS_ROOT}/Manifest.lock\" > /dev/null\nif [ $? != 0 ] ; then\n    # print error to STDERR\n    echo \"error: The sandbox is not in sync with the Podfile.lock. Run 'pod install' or update your CocoaPods installation.\" >&2\n    exit 1\nfi\n# This output is used by Xcode 'outputs' to avoid re-running this script phase.\necho \"SUCCESS\" > \"${SCRIPT_OUTPUT_FILE_0}\"\n";
			showEnvVarsInLog = 0;
		};
/* End PBXShellScriptBuildPhase section */

/* Begin PBXSourcesBuildPhase section */
		B30E079C237B956E00F333A4 /* Sources */ = {
			isa = PBXSourcesBuildPhase;
			buildActionMask = 2147483647;
			files = (
				B30E07A8237B956E00F333A4 /* ViewController.swift in Sources */,
				B30E07A4237B956E00F333A4 /* AppDelegate.swift in Sources */,
				B30E07A6237B956E00F333A4 /* SceneDelegate.swift in Sources */,
			);
			runOnlyForDeploymentPostprocessing = 0;
		};
/* End PBXSourcesBuildPhase section */

/* Begin PBXVariantGroup section */
		B30E07A9237B956E00F333A4 /* Main.storyboard */ = {
			isa = PBXVariantGroup;
			children = (
				B30E07AA237B956E00F333A4 /* Base */,
			);
			name = Main.storyboard;
			sourceTree = "<group>";
		};
		B30E07AE237B957100F333A4 /* LaunchScreen.storyboard */ = {
			isa = PBXVariantGroup;
			children = (
				B30E07AF237B957100F333A4 /* Base */,
			);
			name = LaunchScreen.storyboard;
			sourceTree = "<group>";
		};
/* End PBXVariantGroup section */

/* Begin XCBuildConfiguration section */
		B30E07B2237B957100F333A4 /* Debug */ = {
			isa = XCBuildConfiguration;
			buildSettings = {
				ALWAYS_SEARCH_USER_PATHS = NO;
				CLANG_ANALYZER_NONNULL = YES;
				CLANG_ANALYZER_NUMBER_OBJECT_CONVERSION = YES_AGGRESSIVE;
				CLANG_CXX_LANGUAGE_STANDARD = "gnu++14";
				CLANG_CXX_LIBRARY = "libc++";
				CLANG_ENABLE_MODULES = YES;
				CLANG_ENABLE_OBJC_ARC = YES;
				CLANG_ENABLE_OBJC_WEAK = YES;
				CLANG_WARN_BLOCK_CAPTURE_AUTORELEASING = YES;
				CLANG_WARN_BOOL_CONVERSION = YES;
				CLANG_WARN_COMMA = YES;
				CLANG_WARN_CONSTANT_CONVERSION = YES;
				CLANG_WARN_DEPRECATED_OBJC_IMPLEMENTATIONS = YES;
				CLANG_WARN_DIRECT_OBJC_ISA_USAGE = YES_ERROR;
				CLANG_WARN_DOCUMENTATION_COMMENTS = YES;
				CLANG_WARN_EMPTY_BODY = YES;
				CLANG_WARN_ENUM_CONVERSION = YES;
				CLANG_WARN_INFINITE_RECURSION = YES;
				CLANG_WARN_INT_CONVERSION = YES;
				CLANG_WARN_NON_LITERAL_NULL_CONVERSION = YES;
				CLANG_WARN_OBJC_IMPLICIT_RETAIN_SELF = YES;
				CLANG_WARN_OBJC_LITERAL_CONVERSION = YES;
				CLANG_WARN_OBJC_ROOT_CLASS = YES_ERROR;
				CLANG_WARN_RANGE_LOOP_ANALYSIS = YES;
				CLANG_WARN_STRICT_PROTOTYPES = YES;
				CLANG_WARN_SUSPICIOUS_MOVE = YES;
				CLANG_WARN_UNGUARDED_AVAILABILITY = YES_AGGRESSIVE;
				CLANG_WARN_UNREACHABLE_CODE = YES;
				CLANG_WARN__DUPLICATE_METHOD_MATCH = YES;
				COPY_PHASE_STRIP = NO;
				DEBUG_INFORMATION_FORMAT = dwarf;
				ENABLE_STRICT_OBJC_MSGSEND = YES;
				ENABLE_TESTABILITY = YES;
				GCC_C_LANGUAGE_STANDARD = gnu11;
				GCC_DYNAMIC_NO_PIC = NO;
				GCC_NO_COMMON_BLOCKS = YES;
				GCC_OPTIMIZATION_LEVEL = 0;
				GCC_PREPROCESSOR_DEFINITIONS = (
					"DEBUG=1",
					"$(inherited)",
				);
				GCC_WARN_64_TO_32_BIT_CONVERSION = YES;
				GCC_WARN_ABOUT_RETURN_TYPE = YES_ERROR;
				GCC_WARN_UNDECLARED_SELECTOR = YES;
				GCC_WARN_UNINITIALIZED_AUTOS = YES_AGGRESSIVE;
				GCC_WARN_UNUSED_FUNCTION = YES;
				GCC_WARN_UNUSED_VARIABLE = YES;
				IPHONEOS_DEPLOYMENT_TARGET = 13.2;
				MTL_ENABLE_DEBUG_INFO = INCLUDE_SOURCE;
				MTL_FAST_MATH = YES;
				ONLY_ACTIVE_ARCH = YES;
				SDKROOT = iphoneos;
				SWIFT_ACTIVE_COMPILATION_CONDITIONS = DEBUG;
				SWIFT_OPTIMIZATION_LEVEL = "-Onone";
			};
			name = Debug;
		};
		B30E07B3237B957100F333A4 /* Release */ = {
			isa = XCBuildConfiguration;
			buildSettings = {
				ALWAYS_SEARCH_USER_PATHS = NO;
				CLANG_ANALYZER_NONNULL = YES;
				CLANG_ANALYZER_NUMBER_OBJECT_CONVERSION = YES_AGGRESSIVE;
				CLANG_CXX_LANGUAGE_STANDARD = "gnu++14";
				CLANG_CXX_LIBRARY = "libc++";
				CLANG_ENABLE_MODULES = YES;
				CLANG_ENABLE_OBJC_ARC = YES;
				CLANG_ENABLE_OBJC_WEAK = YES;
				CLANG_WARN_BLOCK_CAPTURE_AUTORELEASING = YES;
				CLANG_WARN_BOOL_CONVERSION = YES;
				CLANG_WARN_COMMA = YES;
				CLANG_WARN_CONSTANT_CONVERSION = YES;
				CLANG_WARN_DEPRECATED_OBJC_IMPLEMENTATIONS = YES;
				CLANG_WARN_DIRECT_OBJC_ISA_USAGE = YES_ERROR;
				CLANG_WARN_DOCUMENTATION_COMMENTS = YES;
				CLANG_WARN_EMPTY_BODY = YES;
				CLANG_WARN_ENUM_CONVERSION = YES;
				CLANG_WARN_INFINITE_RECURSION = YES;
				CLANG_WARN_INT_CONVERSION = YES;
				CLANG_WARN_NON_LITERAL_NULL_CONVERSION = YES;
				CLANG_WARN_OBJC_IMPLICIT_RETAIN_SELF = YES;
				CLANG_WARN_OBJC_LITERAL_CONVERSION = YES;
				CLANG_WARN_OBJC_ROOT_CLASS = YES_ERROR;
				CLANG_WARN_RANGE_LOOP_ANALYSIS = YES;
				CLANG_WARN_STRICT_PROTOTYPES = YES;
				CLANG_WARN_SUSPICIOUS_MOVE = YES;
				CLANG_WARN_UNGUARDED_AVAILABILITY = YES_AGGRESSIVE;
				CLANG_WARN_UNREACHABLE_CODE = YES;
				CLANG_WARN__DUPLICATE_METHOD_MATCH = YES;
				COPY_PHASE_STRIP = NO;
				DEBUG_INFORMATION_FORMAT = "dwarf-with-dsym";
				ENABLE_NS_ASSERTIONS = NO;
				ENABLE_STRICT_OBJC_MSGSEND = YES;
				GCC_C_LANGUAGE_STANDARD = gnu11;
				GCC_NO_COMMON_BLOCKS = YES;
				GCC_WARN_64_TO_32_BIT_CONVERSION = YES;
				GCC_WARN_ABOUT_RETURN_TYPE = YES_ERROR;
				GCC_WARN_UNDECLARED_SELECTOR = YES;
				GCC_WARN_UNINITIALIZED_AUTOS = YES_AGGRESSIVE;
				GCC_WARN_UNUSED_FUNCTION = YES;
				GCC_WARN_UNUSED_VARIABLE = YES;
				IPHONEOS_DEPLOYMENT_TARGET = 13.2;
				MTL_ENABLE_DEBUG_INFO = NO;
				MTL_FAST_MATH = YES;
				SDKROOT = iphoneos;
				SWIFT_COMPILATION_MODE = wholemodule;
				SWIFT_OPTIMIZATION_LEVEL = "-O";
				VALIDATE_PRODUCT = YES;
			};
			name = Release;
		};
		B30E07B5237B957100F333A4 /* Debug */ = {
			isa = XCBuildConfiguration;
			baseConfigurationReference = EB169553500898AFC3747CDF /* Pods-PhotoUpload.debug.xcconfig */;
			buildSettings = {
				ASSETCATALOG_COMPILER_APPICON_NAME = AppIcon;
				CODE_SIGN_STYLE = Automatic;
				DEVELOPMENT_TEAM = GKMCKR94RH;
				INFOPLIST_FILE = PhotoUpload/Info.plist;
				LD_RUNPATH_SEARCH_PATHS = (
					"$(inherited)",
					"@executable_path/Frameworks",
				);
				PRODUCT_BUNDLE_IDENTIFIER = com.jasminimin.PhotoUpload;
				PRODUCT_NAME = "$(TARGET_NAME)";
				SWIFT_VERSION = 5.0;
				TARGETED_DEVICE_FAMILY = "1,2";
			};
			name = Debug;
		};
		B30E07B6237B957100F333A4 /* Release */ = {
			isa = XCBuildConfiguration;
			baseConfigurationReference = 210DCD0FA6D092641B54FDEE /* Pods-PhotoUpload.release.xcconfig */;
			buildSettings = {
				ASSETCATALOG_COMPILER_APPICON_NAME = AppIcon;
				CODE_SIGN_STYLE = Automatic;
				DEVELOPMENT_TEAM = GKMCKR94RH;
				INFOPLIST_FILE = PhotoUpload/Info.plist;
				LD_RUNPATH_SEARCH_PATHS = (
					"$(inherited)",
					"@executable_path/Frameworks",
				);
				PRODUCT_BUNDLE_IDENTIFIER = com.jasminimin.PhotoUpload;
				PRODUCT_NAME = "$(TARGET_NAME)";
				SWIFT_VERSION = 5.0;
				TARGETED_DEVICE_FAMILY = "1,2";
			};
			name = Release;
		};
/* End XCBuildConfiguration section */

/* Begin XCConfigurationList section */
		B30E079B237B956E00F333A4 /* Build configuration list for PBXProject "PhotoUpload" */ = {
			isa = XCConfigurationList;
			buildConfigurations = (
				B30E07B2237B957100F333A4 /* Debug */,
				B30E07B3237B957100F333A4 /* Release */,
			);
			defaultConfigurationIsVisible = 0;
			defaultConfigurationName = Release;
		};
		B30E07B4237B957100F333A4 /* Build configuration list for PBXNativeTarget "PhotoUpload" */ = {
			isa = XCConfigurationList;
			buildConfigurations = (
				B30E07B5237B957100F333A4 /* Debug */,
				B30E07B6237B957100F333A4 /* Release */,
			);
			defaultConfigurationIsVisible = 0;
			defaultConfigurationName = Release;
		};
/* End XCConfigurationList section */
	};
	rootObject = B30E0798237B956E00F333A4 /* Project object */;
}
